
Microsoft Visual Studio Solution File, Format Version 12.00
# Visual Studio Version 16
VisualStudioVersion = 16.0.31424.327
MinimumVisualStudioVersion = 10.0.40219.1
Project("{FAE04EC0-301F-11D3-BF4B-00C04F79EFBC}") = "Exercicio2_Estrutura_For", "Exercicio2_Estrutura_For\Exercicio2_Estrutura_For.csproj", "{BDB91F3E-38B3-4F03-83F4-24E43DCB853B}"
EndProject
Global
	GlobalSection(SolutionConfigurationPlatforms) = preSolution
		Debug|Any CPU = Debug|Any CPU
		Release|Any CPU = Release|Any CPU
	EndGlobalSection
	GlobalSection(ProjectConfigurationPlatforms) = postSolution
		{BDB91F3E-38B3-4F03-83F4-24E43DCB853B}.Debug|Any CPU.ActiveCfg = Debug|Any CPU
		{BDB91F3E-38B3-4F03-83F4-24E43DCB853B}.Debug|Any CPU.Build.0 = Debug|Any CPU
		{BDB91F3E-38B3-4F03-83F4-24E43DCB853B}.Release|Any CPU.ActiveCfg = Release|Any CPU
		{BDB91F3E-38B3-4F03-83F4-24E43DCB853B}.Release|Any CPU.Build.0 = Release|Any CPU
	EndGlobalSection
	GlobalSection(SolutionProperties) = preSolution
		HideSolutionNode = FALSE
	EndGlobalSection
	GlobalSection(ExtensibilityGlobals) = postSolution
		SolutionGuid = {81C627AB-5290-4CEE-8C4C-E94C0B8E1C21}
	EndGlobalSection
EndGlobal
