
Microsoft Visual Studio Solution File, Format Version 12.00
# Visual Studio Version 16
VisualStudioVersion = 16.0.31424.327
MinimumVisualStudioVersion = 10.0.40219.1
Project("{FAE04EC0-301F-11D3-BF4B-00C04F79EFBC}") = "Exercicio1_Estrutura_Sequencial", "Exercicio1_Estrutura_Sequencial\Exercicio1_Estrutura_Sequencial.csproj", "{77DB8A66-7B8D-46FF-AF56-C2839534602B}"
EndProject
Global
	GlobalSection(SolutionConfigurationPlatforms) = preSolution
		Debug|Any CPU = Debug|Any CPU
		Release|Any CPU = Release|Any CPU
	EndGlobalSection
	GlobalSection(ProjectConfigurationPlatforms) = postSolution
		{77DB8A66-7B8D-46FF-AF56-C2839534602B}.Debug|Any CPU.ActiveCfg = Debug|Any CPU
		{77DB8A66-7B8D-46FF-AF56-C2839534602B}.Debug|Any CPU.Build.0 = Debug|Any CPU
		{77DB8A66-7B8D-46FF-AF56-C2839534602B}.Release|Any CPU.ActiveCfg = Release|Any CPU
		{77DB8A66-7B8D-46FF-AF56-C2839534602B}.Release|Any CPU.Build.0 = Release|Any CPU
	EndGlobalSection
	GlobalSection(SolutionProperties) = preSolution
		HideSolutionNode = FALSE
	EndGlobalSection
	GlobalSection(ExtensibilityGlobals) = postSolution
		SolutionGuid = {491E6DC8-B4AF-41F4-8B7B-F62421652DFB}
	EndGlobalSection
EndGlobal
