
Microsoft Visual Studio Solution File, Format Version 12.00
# Visual Studio Version 16
VisualStudioVersion = 16.0.31424.327
MinimumVisualStudioVersion = 10.0.40219.1
Project("{FAE04EC0-301F-11D3-BF4B-00C04F79EFBC}") = "Exercicio2_Estrutura_Condicional", "Exercicio2_Estrutura_Condicional\Exercicio2_Estrutura_Condicional.csproj", "{7EFE33A8-B762-4B50-9A35-76A41869A3C1}"
EndProject
Global
	GlobalSection(SolutionConfigurationPlatforms) = preSolution
		Debug|Any CPU = Debug|Any CPU
		Release|Any CPU = Release|Any CPU
	EndGlobalSection
	GlobalSection(ProjectConfigurationPlatforms) = postSolution
		{7EFE33A8-B762-4B50-9A35-76A41869A3C1}.Debug|Any CPU.ActiveCfg = Debug|Any CPU
		{7EFE33A8-B762-4B50-9A35-76A41869A3C1}.Debug|Any CPU.Build.0 = Debug|Any CPU
		{7EFE33A8-B762-4B50-9A35-76A41869A3C1}.Release|Any CPU.ActiveCfg = Release|Any CPU
		{7EFE33A8-B762-4B50-9A35-76A41869A3C1}.Release|Any CPU.Build.0 = Release|Any CPU
	EndGlobalSection
	GlobalSection(SolutionProperties) = preSolution
		HideSolutionNode = FALSE
	EndGlobalSection
	GlobalSection(ExtensibilityGlobals) = postSolution
		SolutionGuid = {0BF6D51D-12B9-4BDB-A05A-71F22EF37396}
	EndGlobalSection
EndGlobal
