
Microsoft Visual Studio Solution File, Format Version 12.00
# Visual Studio Version 16
VisualStudioVersion = 16.0.31424.327
MinimumVisualStudioVersion = 10.0.40219.1
Project("{FAE04EC0-301F-11D3-BF4B-00C04F79EFBC}") = "Exercicio6_Estrutura_For", "Exercicio6_Estrutura_For\Exercicio6_Estrutura_For.csproj", "{FBBA9E5E-9F5B-4A8C-A5C0-33051B425E5A}"
EndProject
Global
	GlobalSection(SolutionConfigurationPlatforms) = preSolution
		Debug|Any CPU = Debug|Any CPU
		Release|Any CPU = Release|Any CPU
	EndGlobalSection
	GlobalSection(ProjectConfigurationPlatforms) = postSolution
		{FBBA9E5E-9F5B-4A8C-A5C0-33051B425E5A}.Debug|Any CPU.ActiveCfg = Debug|Any CPU
		{FBBA9E5E-9F5B-4A8C-A5C0-33051B425E5A}.Debug|Any CPU.Build.0 = Debug|Any CPU
		{FBBA9E5E-9F5B-4A8C-A5C0-33051B425E5A}.Release|Any CPU.ActiveCfg = Release|Any CPU
		{FBBA9E5E-9F5B-4A8C-A5C0-33051B425E5A}.Release|Any CPU.Build.0 = Release|Any CPU
	EndGlobalSection
	GlobalSection(SolutionProperties) = preSolution
		HideSolutionNode = FALSE
	EndGlobalSection
	GlobalSection(ExtensibilityGlobals) = postSolution
		SolutionGuid = {D0701D73-1EC5-4B02-9606-101C240A3FAC}
	EndGlobalSection
EndGlobal
