
Microsoft Visual Studio Solution File, Format Version 12.00
# Visual Studio Version 16
VisualStudioVersion = 16.0.31424.327
MinimumVisualStudioVersion = 10.0.40219.1
Project("{FAE04EC0-301F-11D3-BF4B-00C04F79EFBC}") = "Exercicio5_Estrutura_Condicional", "Exercicio5_Estrutura_Condicional\Exercicio5_Estrutura_Condicional.csproj", "{39060894-583C-43C3-AD06-219621393790}"
EndProject
Global
	GlobalSection(SolutionConfigurationPlatforms) = preSolution
		Debug|Any CPU = Debug|Any CPU
		Release|Any CPU = Release|Any CPU
	EndGlobalSection
	GlobalSection(ProjectConfigurationPlatforms) = postSolution
		{39060894-583C-43C3-AD06-219621393790}.Debug|Any CPU.ActiveCfg = Debug|Any CPU
		{39060894-583C-43C3-AD06-219621393790}.Debug|Any CPU.Build.0 = Debug|Any CPU
		{39060894-583C-43C3-AD06-219621393790}.Release|Any CPU.ActiveCfg = Release|Any CPU
		{39060894-583C-43C3-AD06-219621393790}.Release|Any CPU.Build.0 = Release|Any CPU
	EndGlobalSection
	GlobalSection(SolutionProperties) = preSolution
		HideSolutionNode = FALSE
	EndGlobalSection
	GlobalSection(ExtensibilityGlobals) = postSolution
		SolutionGuid = {EE1F516F-AB53-4085-BF06-62113E4057ED}
	EndGlobalSection
EndGlobal
