
Microsoft Visual Studio Solution File, Format Version 12.00
# Visual Studio Version 16
VisualStudioVersion = 16.0.31424.327
MinimumVisualStudioVersion = 10.0.40219.1
Project("{FAE04EC0-301F-11D3-BF4B-00C04F79EFBC}") = "Exercicio7_Estrutura_Condicional", "Exercicio7_Estrutura_Condicional\Exercicio7_Estrutura_Condicional.csproj", "{BE52B997-9FD6-4BF1-949A-B1F9C2F13701}"
EndProject
Global
	GlobalSection(SolutionConfigurationPlatforms) = preSolution
		Debug|Any CPU = Debug|Any CPU
		Release|Any CPU = Release|Any CPU
	EndGlobalSection
	GlobalSection(ProjectConfigurationPlatforms) = postSolution
		{BE52B997-9FD6-4BF1-949A-B1F9C2F13701}.Debug|Any CPU.ActiveCfg = Debug|Any CPU
		{BE52B997-9FD6-4BF1-949A-B1F9C2F13701}.Debug|Any CPU.Build.0 = Debug|Any CPU
		{BE52B997-9FD6-4BF1-949A-B1F9C2F13701}.Release|Any CPU.ActiveCfg = Release|Any CPU
		{BE52B997-9FD6-4BF1-949A-B1F9C2F13701}.Release|Any CPU.Build.0 = Release|Any CPU
	EndGlobalSection
	GlobalSection(SolutionProperties) = preSolution
		HideSolutionNode = FALSE
	EndGlobalSection
	GlobalSection(ExtensibilityGlobals) = postSolution
		SolutionGuid = {9CA21D90-EA2E-450C-AA08-591F2FF0599C}
	EndGlobalSection
EndGlobal
